{"is_source_file": false, "format": "", "description": "", "external_files": [], "external_methods": [], "published": [], "classes": [], "methods": [], "calls": [], "search-terms": [], "state": 2, "file_id": 6, "knowledge_revision": 35, "git_revision": "b98238c6af6e319f57576f90a41d53206247be0f", "filename": "/home/kavia/workspace/code-generation/financeflow-16553-d1028d6f/finance_flow/post_process_status.lock", "hash": "9c4ed7ef73e22b872b8055bec08b8979", "format-version": 4, "code-base-name": "default", "revision_history": [{"35": "b98238c6af6e319f57576f90a41d53206247be0f"}]}